
Microsoft Visual Studio Solution File, Format Version 12.00
# Visual Studio Version 16
VisualStudioVersion = 16.0.31624.102
MinimumVisualStudioVersion = 10.0.40219.1
Project("{FAE04EC0-301F-11D3-BF4B-00C04F79EFBC}") = "TPC_Pistoia_Adriano_Final", "TPC_Pistoia_Adriano_Final.csproj", "{F93745E9-863F-48DF-8AF2-CE692EAB947F}"
	ProjectSection(ProjectDependencies) = postProject
		{8FE8DD7A-3F8E-438A-BFD1-B8A5A91458F4} = {8FE8DD7A-3F8E-438A-BFD1-B8A5A91458F4}
		{F82F08A9-7440-41FC-A2B8-7F797B45324F} = {F82F08A9-7440-41FC-A2B8-7F797B45324F}
	EndProjectSection
EndProject
Project("{FAE04EC0-301F-11D3-BF4B-00C04F79EFBC}") = "DataSys", "..\DataSys\DataSys.csproj", "{8FE8DD7A-3F8E-438A-BFD1-B8A5A91458F4}"
EndProject
Project("{FAE04EC0-301F-11D3-BF4B-00C04F79EFBC}") = "DataManager", "..\DataManager\DataManager.csproj", "{F82F08A9-7440-41FC-A2B8-7F797B45324F}"
	ProjectSection(ProjectDependencies) = postProject
		{8FE8DD7A-3F8E-438A-BFD1-B8A5A91458F4} = {8FE8DD7A-3F8E-438A-BFD1-B8A5A91458F4}
	EndProjectSection
EndProject
Project("{2150E333-8FDC-42A3-9474-1A3956D46DE8}") = "Database", "Database", "{FDDE0526-2E25-4C94-814B-97764D2F9F8B}"
	ProjectSection(SolutionItems) = preProject
		..\..\..\Desktop\DBMapping.sql = ..\..\..\Desktop\DBMapping.sql
		..\..\..\Documents\SQL Server Management Studio\SQLQuery3.sql = ..\..\..\Documents\SQL Server Management Studio\SQLQuery3.sql
	EndProjectSection
EndProject
Global
	GlobalSection(SolutionConfigurationPlatforms) = preSolution
		Debug|Any CPU = Debug|Any CPU
		Release|Any CPU = Release|Any CPU
	EndGlobalSection
	GlobalSection(ProjectConfigurationPlatforms) = postSolution
		{F93745E9-863F-48DF-8AF2-CE692EAB947F}.Debug|Any CPU.ActiveCfg = Debug|Any CPU
		{F93745E9-863F-48DF-8AF2-CE692EAB947F}.Debug|Any CPU.Build.0 = Debug|Any CPU
		{F93745E9-863F-48DF-8AF2-CE692EAB947F}.Release|Any CPU.ActiveCfg = Release|Any CPU
		{F93745E9-863F-48DF-8AF2-CE692EAB947F}.Release|Any CPU.Build.0 = Release|Any CPU
		{8FE8DD7A-3F8E-438A-BFD1-B8A5A91458F4}.Debug|Any CPU.ActiveCfg = Debug|Any CPU
		{8FE8DD7A-3F8E-438A-BFD1-B8A5A91458F4}.Debug|Any CPU.Build.0 = Debug|Any CPU
		{8FE8DD7A-3F8E-438A-BFD1-B8A5A91458F4}.Release|Any CPU.ActiveCfg = Release|Any CPU
		{8FE8DD7A-3F8E-438A-BFD1-B8A5A91458F4}.Release|Any CPU.Build.0 = Release|Any CPU
		{F82F08A9-7440-41FC-A2B8-7F797B45324F}.Debug|Any CPU.ActiveCfg = Debug|Any CPU
		{F82F08A9-7440-41FC-A2B8-7F797B45324F}.Debug|Any CPU.Build.0 = Debug|Any CPU
		{F82F08A9-7440-41FC-A2B8-7F797B45324F}.Release|Any CPU.ActiveCfg = Release|Any CPU
		{F82F08A9-7440-41FC-A2B8-7F797B45324F}.Release|Any CPU.Build.0 = Release|Any CPU
	EndGlobalSection
	GlobalSection(SolutionProperties) = preSolution
		HideSolutionNode = FALSE
	EndGlobalSection
	GlobalSection(ExtensibilityGlobals) = postSolution
		SolutionGuid = {04DE9D23-17EE-4F85-BDC2-CDBDE962BB1D}
	EndGlobalSection
EndGlobal
